Microsoft Visual Studio Solution File, Format Version 12.00
# Visual Studio 15
VisualStudioVersion = 15.0.27130.2036
MinimumVisualStudioVersion = 10.0.40219.1
Project("{FAE04EC0-301F-11D3-BF4B-00C04F79EFBC}") = "Server", "Server\Server.csproj", "{17A3F566-4A69-42B2-87C4-74911769F0CB}"
	ProjectSection(ProjectDependencies) = postProject
		{E521D507-0F2C-4875-826C-7A923236F873} = {E521D507-0F2C-4875-826C-7A923236F873}
		{575B110E-0C5A-4272-A8F9-8152ED517607} = {575B110E-0C5A-4272-A8F9-8152ED517607}
		{A3AA5527-9FFB-4347-8658-40BEE9E45110} = {A3AA5527-9FFB-4347-8658-40BEE9E45110}
		{2B008E28-8FCB-41A4-A6EC-976D671648E2} = {2B008E28-8FCB-41A4-A6EC-976D671648E2}
		{5887092A-0827-4A84-B287-0D5644B322D2} = {5887092A-0827-4A84-B287-0D5644B322D2}
		{C2E6B272-1421-4EF6-BFFE-CDC1B3A77B5E} = {C2E6B272-1421-4EF6-BFFE-CDC1B3A77B5E}
		{36DB1B7E-4062-4004-8F01-296302F755EA} = {36DB1B7E-4062-4004-8F01-296302F755EA}
		{BB7A567E-6341-4AEC-8B89-A8B3F4304489} = {BB7A567E-6341-4AEC-8B89-A8B3F4304489}
		{D99C47A8-649A-42DF-B72D-8CBA25C85B78} = {D99C47A8-649A-42DF-B72D-8CBA25C85B78}
		{268C10AA-2B65-418E-A475-EA0A2AE50E16} = {268C10AA-2B65-418E-A475-EA0A2AE50E16}
		{28AC09B5-AF3B-407E-94F4-24E13AA0A4EA} = {28AC09B5-AF3B-407E-94F4-24E13AA0A4EA}
		{302EAED3-14CB-4177-A592-E707A71F97CC} = {302EAED3-14CB-4177-A592-E707A71F97CC}
		{797594E2-FDCB-48C0-A613-EDCA38E08527} = {797594E2-FDCB-48C0-A613-EDCA38E08527}
		{BC5546FA-4F27-4A57-ABE0-2691D1E8B51C} = {BC5546FA-4F27-4A57-ABE0-2691D1E8B51C}
	EndProjectSection
EndProject
Project("{2150E333-8FDC-42A3-9474-1A3956D46DE8}") = ".nuget", ".nuget", "{A769E675-EF4B-4B8B-ADF4-2CC3A87D56A2}"
	ProjectSection(SolutionItems) = preProject
		.nuget\NuGet.Config = .nuget\NuGet.Config
		.nuget\NuGet.exe = .nuget\NuGet.exe
		.nuget\NuGet.targets = .nuget\NuGet.targets
	EndProjectSection
EndProject
Project("{2150E333-8FDC-42A3-9474-1A3956D46DE8}") = "ApiLibraries", "ApiLibraries", "{CDC03619-E73C-448A-98EE-230539901648}"
EndProject
Project("{FAE04EC0-301F-11D3-BF4B-00C04F79EFBC}") = "LmaxClientLibrary", "ApiLibraries\LmaxClientLibrary\LmaxClientLibrary.csproj", "{302EAED3-14CB-4177-A592-E707A71F97CC}"
EndProject
Project("{FAE04EC0-301F-11D3-BF4B-00C04F79EFBC}") = "PoloniexClientLibrary", "ApiLibraries\PoloniexClientLibrary\PoloniexClientLibrary.csproj", "{BC5546FA-4F27-4A57-ABE0-2691D1E8B51C}"
EndProject
Project("{2150E333-8FDC-42A3-9474-1A3956D46DE8}") = "Brokers", "Brokers", "{5FBC8A25-2DFA-4123-BFBB-0E44C99131A6}"
EndProject
Project("{FAE04EC0-301F-11D3-BF4B-00C04F79EFBC}") = "LmaxBroker", "Brokers\LmaxBroker\LmaxBroker.csproj", "{36DB1B7E-4062-4004-8F01-296302F755EA}"
EndProject
Project("{FAE04EC0-301F-11D3-BF4B-00C04F79EFBC}") = "PoloniexBroker", "Brokers\PoloniexBroker\PoloniexBroker.csproj", "{E521D507-0F2C-4875-826C-7A923236F873}"
EndProject
Project("{FAE04EC0-301F-11D3-BF4B-00C04F79EFBC}") = "SimulatedBroker", "Brokers\SimulatedBroker\SimulatedBroker.csproj", "{A3AA5527-9FFB-4347-8658-40BEE9E45110}"
EndProject
Project("{2150E333-8FDC-42A3-9474-1A3956D46DE8}") = "DataFeeds", "DataFeeds", "{CD4FFCDF-B956-4B7F-8FA5-F077C2974EBD}"
EndProject
Project("{FAE04EC0-301F-11D3-BF4B-00C04F79EFBC}") = "LmaxDataFeed", "DataFeeds\LmaxDataFeed\LmaxDataFeed.csproj", "{D99C47A8-649A-42DF-B72D-8CBA25C85B78}"
EndProject
Project("{FAE04EC0-301F-11D3-BF4B-00C04F79EFBC}") = "PoloniexDataFeed", "DataFeeds\PoloniexDataFeed\PoloniexDataFeed.csproj", "{797594E2-FDCB-48C0-A613-EDCA38E08527}"
EndProject
Project("{FAE04EC0-301F-11D3-BF4B-00C04F79EFBC}") = "SimulatedDataFeed", "DataFeeds\SimulatedDataFeed\SimulatedDataFeed.csproj", "{BB7A567E-6341-4AEC-8B89-A8B3F4304489}"
EndProject
Project("{2150E333-8FDC-42A3-9474-1A3956D46DE8}") = "Scripting", "Scripting", "{5D8B37CC-24D7-4997-ADED-B50FFB377F88}"
EndProject
Project("{FAE04EC0-301F-11D3-BF4B-00C04F79EFBC}") = "Scripting", "Scripting\Scripting\Scripting.csproj", "{2B008E28-8FCB-41A4-A6EC-976D671648E2}"
EndProject
Project("{FAE04EC0-301F-11D3-BF4B-00C04F79EFBC}") = "ScriptingManager", "Scripting\ScriptingManager\ScriptingManager.csproj", "{8F022823-55B0-477F-A0AD-D276998992EC}"
EndProject
Project("{FAE04EC0-301F-11D3-BF4B-00C04F79EFBC}") = "ScriptingService", "Scripting\ScriptingService\ScriptingService.csproj", "{5887092A-0827-4A84-B287-0D5644B322D2}"
EndProject
Project("{2150E333-8FDC-42A3-9474-1A3956D46DE8}") = "ServiceHosts", "ServiceHosts", "{B28B243D-1CED-4006-ACC6-17F9099251B8}"
EndProject
Project("{FAE04EC0-301F-11D3-BF4B-00C04F79EFBC}") = "RabbitMQServiceHost", "ServiceHosts\RabbitMQServiceHost\RabbitMQServiceHost.csproj", "{28AC09B5-AF3B-407E-94F4-24E13AA0A4EA}"
EndProject
Project("{FAE04EC0-301F-11D3-BF4B-00C04F79EFBC}") = "WCFServiceHost", "ServiceHosts\WCFConnection\WCFServiceHost.csproj", "{C2E6B272-1421-4EF6-BFFE-CDC1B3A77B5E}"
EndProject
Project("{FAE04EC0-301F-11D3-BF4B-00C04F79EFBC}") = "WebSocketServiceHost", "ServiceHosts\WebSocketServiceHost\WebSocketServiceHost.csproj", "{268C10AA-2B65-418E-A475-EA0A2AE50E16}"
EndProject
Project("{FAE04EC0-301F-11D3-BF4B-00C04F79EFBC}") = "OMS", "OMS\OMS.csproj", "{8B16B9C3-132B-4AC4-AF81-B1A73B4196D9}"
EndProject
Project("{FAE04EC0-301F-11D3-BF4B-00C04F79EFBC}") = "PortfolioManager", "PortfolioManager\PortfolioManager.csproj", "{79D9C500-9FCF-4B2C-8C41-A71016DBD319}"
EndProject
Project("{FAE04EC0-301F-11D3-BF4B-00C04F79EFBC}") = "ServerCommonObjects", "ServerCommonObjects\ServerCommonObjects.csproj", "{93D517B3-3BB2-443B-A5EA-238A0B0ACDD5}"
EndProject
Project("{FAE04EC0-301F-11D3-BF4B-00C04F79EFBC}") = "CommonObjects", "CommonObjects\CommonObjects.csproj", "{62C2B220-0D80-481E-B9DD-C4571460941B}"
EndProject
Project("{FAE04EC0-301F-11D3-BF4B-00C04F79EFBC}") = "Backtest", "Backtest\Backtest.csproj", "{575B110E-0C5A-4272-A8F9-8152ED517607}"
EndProject

Global
	GlobalSection(SolutionConfigurationPlatforms) = preSolution
		Debug|x64 = Debug|x64
		Release|x64 = Release|x64
	EndGlobalSection
	GlobalSection(ProjectConfigurationPlatforms) = postSolution
		{302EAED3-14CB-4177-A592-E707A71F97CC}.Debug|x64.ActiveCfg = Debug|x64
		{302EAED3-14CB-4177-A592-E707A71F97CC}.Debug|x64.Build.0 = Debug|x64
		{302EAED3-14CB-4177-A592-E707A71F97CC}.Release|x64.ActiveCfg = Release|x64
		{302EAED3-14CB-4177-A592-E707A71F97CC}.Release|x64.Build.0 = Release|x64
		{BC5546FA-4F27-4A57-ABE0-2691D1E8B51C}.Debug|x64.ActiveCfg = Debug|x64
		{BC5546FA-4F27-4A57-ABE0-2691D1E8B51C}.Debug|x64.Build.0 = Debug|x64
		{BC5546FA-4F27-4A57-ABE0-2691D1E8B51C}.Release|x64.ActiveCfg = Release|x64
		{BC5546FA-4F27-4A57-ABE0-2691D1E8B51C}.Release|x64.Build.0 = Release|x64
		{36DB1B7E-4062-4004-8F01-296302F755EA}.Debug|x64.ActiveCfg = Debug|x64
		{36DB1B7E-4062-4004-8F01-296302F755EA}.Debug|x64.Build.0 = Debug|x64
		{36DB1B7E-4062-4004-8F01-296302F755EA}.Release|x64.ActiveCfg = Release|x64
		{36DB1B7E-4062-4004-8F01-296302F755EA}.Release|x64.Build.0 = Release|x64
		{E521D507-0F2C-4875-826C-7A923236F873}.Debug|x64.ActiveCfg = Debug|x64
		{E521D507-0F2C-4875-826C-7A923236F873}.Debug|x64.Build.0 = Debug|x64
		{E521D507-0F2C-4875-826C-7A923236F873}.Release|x64.ActiveCfg = Release|x64
		{E521D507-0F2C-4875-826C-7A923236F873}.Release|x64.Build.0 = Release|x64
		{A3AA5527-9FFB-4347-8658-40BEE9E45110}.Debug|x64.ActiveCfg = Debug|x64
		{A3AA5527-9FFB-4347-8658-40BEE9E45110}.Debug|x64.Build.0 = Debug|x64
		{A3AA5527-9FFB-4347-8658-40BEE9E45110}.Release|x64.ActiveCfg = Release|x64
		{A3AA5527-9FFB-4347-8658-40BEE9E45110}.Release|x64.Build.0 = Release|x64
		{D99C47A8-649A-42DF-B72D-8CBA25C85B78}.Debug|x64.ActiveCfg = Debug|x64
		{D99C47A8-649A-42DF-B72D-8CBA25C85B78}.Debug|x64.Build.0 = Debug|x64
		{D99C47A8-649A-42DF-B72D-8CBA25C85B78}.Release|x64.ActiveCfg = Release|x64
		{D99C47A8-649A-42DF-B72D-8CBA25C85B78}.Release|x64.Build.0 = Release|x64
		{797594E2-FDCB-48C0-A613-EDCA38E08527}.Debug|x64.ActiveCfg = Debug|x64
		{797594E2-FDCB-48C0-A613-EDCA38E08527}.Debug|x64.Build.0 = Debug|x64
		{797594E2-FDCB-48C0-A613-EDCA38E08527}.Release|x64.ActiveCfg = Release|x64
		{797594E2-FDCB-48C0-A613-EDCA38E08527}.Release|x64.Build.0 = Release|x64
		{BB7A567E-6341-4AEC-8B89-A8B3F4304489}.Debug|x64.ActiveCfg = Debug|x64
		{BB7A567E-6341-4AEC-8B89-A8B3F4304489}.Debug|x64.Build.0 = Debug|x64
		{BB7A567E-6341-4AEC-8B89-A8B3F4304489}.Release|x64.ActiveCfg = Release|x64
		{BB7A567E-6341-4AEC-8B89-A8B3F4304489}.Release|x64.Build.0 = Release|x64
		{2B008E28-8FCB-41A4-A6EC-976D671648E2}.Debug|x64.ActiveCfg = Debug|x64
		{2B008E28-8FCB-41A4-A6EC-976D671648E2}.Debug|x64.Build.0 = Debug|x64
		{2B008E28-8FCB-41A4-A6EC-976D671648E2}.Release|x64.ActiveCfg = Release|x64
		{2B008E28-8FCB-41A4-A6EC-976D671648E2}.Release|x64.Build.0 = Release|x64
		{8F022823-55B0-477F-A0AD-D276998992EC}.Debug|x64.ActiveCfg = Debug|x64
		{8F022823-55B0-477F-A0AD-D276998992EC}.Debug|x64.Build.0 = Debug|x64
		{8F022823-55B0-477F-A0AD-D276998992EC}.Release|x64.ActiveCfg = Release|x64
		{8F022823-55B0-477F-A0AD-D276998992EC}.Release|x64.Build.0 = Release|x64
		{5887092A-0827-4A84-B287-0D5644B322D2}.Debug|x64.ActiveCfg = Debug|x64
		{5887092A-0827-4A84-B287-0D5644B322D2}.Debug|x64.Build.0 = Debug|x64
		{5887092A-0827-4A84-B287-0D5644B322D2}.Release|x64.ActiveCfg = Release|x64
		{5887092A-0827-4A84-B287-0D5644B322D2}.Release|x64.Build.0 = Release|x64
		{28AC09B5-AF3B-407E-94F4-24E13AA0A4EA}.Debug|x64.ActiveCfg = Debug|x64
		{28AC09B5-AF3B-407E-94F4-24E13AA0A4EA}.Debug|x64.Build.0 = Debug|x64
		{28AC09B5-AF3B-407E-94F4-24E13AA0A4EA}.Release|x64.ActiveCfg = Release|x64
		{28AC09B5-AF3B-407E-94F4-24E13AA0A4EA}.Release|x64.Build.0 = Release|x64
		{C2E6B272-1421-4EF6-BFFE-CDC1B3A77B5E}.Debug|x64.ActiveCfg = Debug|x64
		{C2E6B272-1421-4EF6-BFFE-CDC1B3A77B5E}.Debug|x64.Build.0 = Debug|x64
		{C2E6B272-1421-4EF6-BFFE-CDC1B3A77B5E}.Release|x64.ActiveCfg = Release|x64
		{C2E6B272-1421-4EF6-BFFE-CDC1B3A77B5E}.Release|x64.Build.0 = Release|x64
		{268C10AA-2B65-418E-A475-EA0A2AE50E16}.Debug|x64.ActiveCfg = Debug|x64
		{268C10AA-2B65-418E-A475-EA0A2AE50E16}.Debug|x64.Build.0 = Debug|x64
		{268C10AA-2B65-418E-A475-EA0A2AE50E16}.Release|x64.ActiveCfg = Release|x64
		{268C10AA-2B65-418E-A475-EA0A2AE50E16}.Release|x64.Build.0 = Release|x64
		{8B16B9C3-132B-4AC4-AF81-B1A73B4196D9}.Debug|x64.ActiveCfg = Debug|x64
		{8B16B9C3-132B-4AC4-AF81-B1A73B4196D9}.Debug|x64.Build.0 = Debug|x64
		{8B16B9C3-132B-4AC4-AF81-B1A73B4196D9}.Release|x64.ActiveCfg = Release|x64
		{8B16B9C3-132B-4AC4-AF81-B1A73B4196D9}.Release|x64.Build.0 = Release|x64
		{79D9C500-9FCF-4B2C-8C41-A71016DBD319}.Debug|x64.ActiveCfg = Debug|x64
		{79D9C500-9FCF-4B2C-8C41-A71016DBD319}.Debug|x64.Build.0 = Debug|x64
		{79D9C500-9FCF-4B2C-8C41-A71016DBD319}.Release|x64.ActiveCfg = Release|x64
		{79D9C500-9FCF-4B2C-8C41-A71016DBD319}.Release|x64.Build.0 = Release|x64
		{93D517B3-3BB2-443B-A5EA-238A0B0ACDD5}.Debug|x64.ActiveCfg = Debug|x64
		{93D517B3-3BB2-443B-A5EA-238A0B0ACDD5}.Debug|x64.Build.0 = Debug|x64
		{93D517B3-3BB2-443B-A5EA-238A0B0ACDD5}.Release|x64.ActiveCfg = Release|x64
		{93D517B3-3BB2-443B-A5EA-238A0B0ACDD5}.Release|x64.Build.0 = Release|x64
		{62C2B220-0D80-481E-B9DD-C4571460941B}.Debug|x64.ActiveCfg = Debug|x64
		{62C2B220-0D80-481E-B9DD-C4571460941B}.Debug|x64.Build.0 = Debug|x64
		{62C2B220-0D80-481E-B9DD-C4571460941B}.Release|x64.ActiveCfg = Release|x64
		{62C2B220-0D80-481E-B9DD-C4571460941B}.Release|x64.Build.0 = Release|x64
		{575B110E-0C5A-4272-A8F9-8152ED517607}.Debug|x64.ActiveCfg = Debug|x64
		{575B110E-0C5A-4272-A8F9-8152ED517607}.Debug|x64.Build.0 = Debug|x64
		{575B110E-0C5A-4272-A8F9-8152ED517607}.Release|x64.ActiveCfg = Release|x64
		{575B110E-0C5A-4272-A8F9-8152ED517607}.Release|x64.Build.0 = Release|x64
		{17A3F566-4A69-42B2-87C4-74911769F0CB}.Debug|x64.ActiveCfg = Debug|x64
		{17A3F566-4A69-42B2-87C4-74911769F0CB}.Debug|x64.Build.0 = Debug|x64
		{17A3F566-4A69-42B2-87C4-74911769F0CB}.Release|x64.ActiveCfg = Release|x64
		{17A3F566-4A69-42B2-87C4-74911769F0CB}.Release|x64.Build.0 = Release|x64
	EndGlobalSection
	GlobalSection(SolutionProperties) = preSolution
		HideSolutionNode = FALSE
	EndGlobalSection
	GlobalSection(NestedProjects) = preSolution
		{302EAED3-14CB-4177-A592-E707A71F97CC} = {CDC03619-E73C-448A-98EE-230539901648}
		{BC5546FA-4F27-4A57-ABE0-2691D1E8B51C} = {CDC03619-E73C-448A-98EE-230539901648}
		{36DB1B7E-4062-4004-8F01-296302F755EA} = {5FBC8A25-2DFA-4123-BFBB-0E44C99131A6}
		{E521D507-0F2C-4875-826C-7A923236F873} = {5FBC8A25-2DFA-4123-BFBB-0E44C99131A6}
		{A3AA5527-9FFB-4347-8658-40BEE9E45110} = {5FBC8A25-2DFA-4123-BFBB-0E44C99131A6}
		{D99C47A8-649A-42DF-B72D-8CBA25C85B78} = {CD4FFCDF-B956-4B7F-8FA5-F077C2974EBD}
		{797594E2-FDCB-48C0-A613-EDCA38E08527} = {CD4FFCDF-B956-4B7F-8FA5-F077C2974EBD}
		{BB7A567E-6341-4AEC-8B89-A8B3F4304489} = {CD4FFCDF-B956-4B7F-8FA5-F077C2974EBD}
		{2B008E28-8FCB-41A4-A6EC-976D671648E2} = {5D8B37CC-24D7-4997-ADED-B50FFB377F88}
		{8F022823-55B0-477F-A0AD-D276998992EC} = {5D8B37CC-24D7-4997-ADED-B50FFB377F88}
		{5887092A-0827-4A84-B287-0D5644B322D2} = {5D8B37CC-24D7-4997-ADED-B50FFB377F88}
		{28AC09B5-AF3B-407E-94F4-24E13AA0A4EA} = {B28B243D-1CED-4006-ACC6-17F9099251B8}
		{C2E6B272-1421-4EF6-BFFE-CDC1B3A77B5E} = {B28B243D-1CED-4006-ACC6-17F9099251B8}
		{268C10AA-2B65-418E-A475-EA0A2AE50E16} = {B28B243D-1CED-4006-ACC6-17F9099251B8}
	EndGlobalSection
	GlobalSection(ExtensibilityGlobals) = postSolution
		SolutionGuid = {55AC3885-6412-484B-BA20-3CF1F897D5C2}
	EndGlobalSection
EndGlobal
